{
  "name": "richeditor",
  "version": "1.0.0",
  "lockfileVersion": 1,
  "requires": true,
  "dependencies": {
    "@babel/runtime": {
      "version": "7.12.5",
      "resolved": "https://registry.npmjs.org/@babel/runtime/-/runtime-7.12.5.tgz",
      "integrity": "sha512-plcc+hbExy3McchJCEQG3knOsuh3HH+Prx1P6cLIkET/0dLuQDEnrT+s27Axgc9bqfsmNUNHfscgMUdBpC9xfg==",
      "requires": {
        "regenerator-runtime": "^0.13.4"
      }
    },
    "@editorjs/editorjs": {
      "version": "2.19.1",
      "resolved": "https://registry.npmjs.org/@editorjs/editorjs/-/editorjs-2.19.1.tgz",
      "integrity": "sha512-5lN7r5B2NCE8VJdsS3poX3Qg9rNwzpxZ+6Jjif3hAVZTYpQwg5wXEpAHFNbuavS0T5Ji+0ID31DQFotVI4PosA==",
      "requires": {
        "codex-notifier": "^1.1.2",
        "codex-tooltip": "^1.0.1"
      }
    },
    "@editorjs/header": {
      "version": "2.6.1",
      "resolved": "https://registry.npmjs.org/@editorjs/header/-/header-2.6.1.tgz",
      "integrity": "sha512-EsnyVFv5uThpU9tbQ/dUPFCQoa/sBFy2n+9tN3wOXJGx7sjea4fdcacJ2UYhO+7pCgZ+aSgmMOyGLYHUFbchvA=="
    },
    "@editorjs/image": {
      "version": "2.6.0",
      "resolved": "https://registry.npmjs.org/@editorjs/image/-/image-2.6.0.tgz",
      "integrity": "sha512-lX4Pz9cW3gGFzlmYLRAsBXTiqUG/MRG7NK4QVU+n/VnUWPU1e791eiIpgRLHfpPj6Maaw5a+GRut90D5EdXtqg=="
    },
    "@editorjs/link": {
      "version": "2.3.1",
      "resolved": "https://registry.npmjs.org/@editorjs/link/-/link-2.3.1.tgz",
      "integrity": "sha512-FvZTzgMd8jPZOwcs/ns65hW5H6xAPyxMG/pUsOTDuSH40Ko1G7QPPtUJJ3M6vOH5GJQ9KVwQ3ng3Kx4P9ndFWQ==",
      "requires": {
        "@babel/runtime": "^7.10.2"
      }
    },
    "@editorjs/list": {
      "version": "1.6.1",
      "resolved": "https://registry.npmjs.org/@editorjs/list/-/list-1.6.1.tgz",
      "integrity": "sha512-9f24qApHmvUOq1tvAmwYS2dQIh1LGwsWJFVYNci0R4HIES848kmspfUS8p1ATJv2msogugeFDz1k3KQ5fZSCzw=="
    },
    "@editorjs/paragraph": {
      "version": "2.8.0",
      "resolved": "https://registry.npmjs.org/@editorjs/paragraph/-/paragraph-2.8.0.tgz",
      "integrity": "sha512-z6w5ZR0ru3p/IjxJW/tb7OcSnVttkZukQMIsnBMX1FIKc1BNdr7NwM1YoCyTl4OnC90YfL0xgES6/20/W267pw=="
    },
    "@editorjs/underline": {
      "version": "1.0.0",
      "resolved": "https://registry.npmjs.org/@editorjs/underline/-/underline-1.0.0.tgz",
      "integrity": "sha512-2qbmr6/Y5ZIsfmJeAxLujCndc5wpIEQ2uxoPIdR3uHIUQhA6Q28U5HdoGpEZwsP1d7e/A/vBhN18Ugro0iA0MQ=="
    },
    "anymatch": {
      "version": "3.1.1",
      "resolved": "https://registry.npmjs.org/anymatch/-/anymatch-3.1.1.tgz",
      "integrity": "sha512-mM8522psRCqzV+6LhomX5wgp25YVibjh8Wj23I5RPkPppSVSjyKD2A2mBJmWGa+KN7f2D6LNh9jkBCeyLktzjg==",
      "dev": true,
      "requires": {
        "normalize-path": "^3.0.0",
        "picomatch": "^2.0.4"
      }
    },
    "binary-extensions": {
      "version": "2.2.0",
      "resolved": "https://registry.npmjs.org/binary-extensions/-/binary-extensions-2.2.0.tgz",
      "integrity": "sha512-jDctJ/IVQbZoJykoeHbhXpOlNBqGNcwXJKJog42E5HDPUwQTSdjCHdihjj0DlnheQ7blbT6dHOafNAiS8ooQKA==",
      "dev": true
    },
    "braces": {
      "version": "3.0.2",
      "resolved": "https://registry.npmjs.org/braces/-/braces-3.0.2.tgz",
      "integrity": "sha512-b8um+L1RzM3WDSzvhm6gIz1yfTbBt6YTlcEKAvsmqCZZFw46z626lVj9j1yEPW33H5H+lBQpZMP1k8l+78Ha0A==",
      "dev": true,
      "requires": {
        "fill-range": "^7.0.1"
      }
    },
    "chokidar": {
      "version": "3.5.1",
      "resolved": "https://registry.npmjs.org/chokidar/-/chokidar-3.5.1.tgz",
      "integrity": "sha512-9+s+Od+W0VJJzawDma/gvBNQqkTiqYTWLuZoyAsivsI4AaWTCzHG06/TMjsf1cYe9Cb97UCEhjz7HvnPk2p/tw==",
      "dev": true,
      "requires": {
        "anymatch": "~3.1.1",
        "braces": "~3.0.2",
        "fsevents": "~2.3.1",
        "glob-parent": "~5.1.0",
        "is-binary-path": "~2.1.0",
        "is-glob": "~4.0.1",
        "normalize-path": "~3.0.0",
        "readdirp": "~3.5.0"
      }
    },
    "codex-notifier": {
      "version": "1.1.2",
      "resolved": "https://registry.npmjs.org/codex-notifier/-/codex-notifier-1.1.2.tgz",
      "integrity": "sha512-DCp6xe/LGueJ1N5sXEwcBc3r3PyVkEEDNWCVigfvywAkeXcZMk9K41a31tkEFBW0Ptlwji6/JlAb49E3Yrxbtg=="
    },
    "codex-tooltip": {
      "version": "1.0.2",
      "resolved": "https://registry.npmjs.org/codex-tooltip/-/codex-tooltip-1.0.2.tgz",
      "integrity": "sha512-oC+Bu5X/zyhbPydgMSLWKoM/+vkJMqaLWu3Dt/jZgXS3MWK23INwC5DMBrVXZSufAFk0i0SUni38k9rLMyZn/w=="
    },
    "colorette": {
      "version": "1.2.1",
      "resolved": "https://registry.npmjs.org/colorette/-/colorette-1.2.1.tgz",
      "integrity": "sha512-puCDz0CzydiSYOrnXpz/PKd69zRrribezjtE9yd4zvytoRc8+RY/KJPvtPFKZS3E3wP6neGyMe0vOTlHO5L3Pw==",
      "dev": true
    },
    "fill-range": {
      "version": "7.0.1",
      "resolved": "https://registry.npmjs.org/fill-range/-/fill-range-7.0.1.tgz",
      "integrity": "sha512-qOo9F+dMUmC2Lcb4BbVvnKJxTPjCm+RRpe4gDuGrzkL7mEVl/djYSu2OdQ2Pa302N4oqkSg9ir6jaLWJ2USVpQ==",
      "dev": true,
      "requires": {
        "to-regex-range": "^5.0.1"
      }
    },
    "fsevents": {
      "version": "2.3.1",
      "resolved": "https://registry.npmjs.org/fsevents/-/fsevents-2.3.1.tgz",
      "integrity": "sha512-YR47Eg4hChJGAB1O3yEAOkGO+rlzutoICGqGo9EZ4lKWokzZRSyIW1QmTzqjtw8MJdj9srP869CuWw/hyzSiBw==",
      "dev": true,
      "optional": true
    },
    "glob-parent": {
      "version": "5.1.1",
      "resolved": "https://registry.npmjs.org/glob-parent/-/glob-parent-5.1.1.tgz",
      "integrity": "sha512-FnI+VGOpnlGHWZxthPGR+QhR78fuiK0sNLkHQv+bL9fQi57lNNdquIbna/WrfROrolq8GK5Ek6BiMwqL/voRYQ==",
      "dev": true,
      "requires": {
        "is-glob": "^4.0.1"
      }
    },
    "is-binary-path": {
      "version": "2.1.0",
      "resolved": "https://registry.npmjs.org/is-binary-path/-/is-binary-path-2.1.0.tgz",
      "integrity": "sha512-ZMERYes6pDydyuGidse7OsHxtbI7WVeUEozgR/g7rd0xUimYNlvZRE/K2MgZTjWy725IfelLeVcEM97mmtRGXw==",
      "dev": true,
      "requires": {
        "binary-extensions": "^2.0.0"
      }
    },
    "is-extglob": {
      "version": "2.1.1",
      "resolved": "https://registry.npmjs.org/is-extglob/-/is-extglob-2.1.1.tgz",
      "integrity": "sha1-qIwCU1eR8C7TfHahueqXc8gz+MI=",
      "dev": true
    },
    "is-glob": {
      "version": "4.0.1",
      "resolved": "https://registry.npmjs.org/is-glob/-/is-glob-4.0.1.tgz",
      "integrity": "sha512-5G0tKtBTFImOqDnLB2hG6Bp2qcKEFduo4tZu9MT/H6NQv/ghhy30o55ufafxJ/LdH79LLs2Kfrn85TLKyA7BUg==",
      "dev": true,
      "requires": {
        "is-extglob": "^2.1.1"
      }
    },
    "is-number": {
      "version": "7.0.0",
      "resolved": "https://registry.npmjs.org/is-number/-/is-number-7.0.0.tgz",
      "integrity": "sha512-41Cifkg6e8TylSpdtTpeLVMqvSBEVzTttHvERD741+pnZ8ANv0004MRL43QKPDlK9cGvNp6NZWZUBlbGXYxxng==",
      "dev": true
    },
    "nanoid": {
      "version": "3.1.20",
      "resolved": "https://registry.npmjs.org/nanoid/-/nanoid-3.1.20.tgz",
      "integrity": "sha512-a1cQNyczgKbLX9jwbS/+d7W8fX/RfgYR7lVWwWOGIPNgK2m0MWvrGF6/m4kk6U3QcFMnZf3RIhL0v2Jgh/0Uxw==",
      "dev": true
    },
    "normalize-path": {
      "version": "3.0.0",
      "resolved": "https://registry.npmjs.org/normalize-path/-/normalize-path-3.0.0.tgz",
      "integrity": "sha512-6eZs5Ls3WtCisHWp9S2GUy8dqkpGi4BVSz3GaqiE6ezub0512ESztXUwUB6C6IKbQkY2Pnb/mD4WYojCRwcwLA==",
      "dev": true
    },
    "picomatch": {
      "version": "2.2.2",
      "resolved": "https://registry.npmjs.org/picomatch/-/picomatch-2.2.2.tgz",
      "integrity": "sha512-q0M/9eZHzmr0AulXyPwNfZjtwZ/RBZlbN3K3CErVrk50T2ASYI7Bye0EvekFY3IP1Nt2DHu0re+V2ZHIpMkuWg==",
      "dev": true
    },
    "postcss": {
      "version": "8.2.4",
      "resolved": "https://registry.npmjs.org/postcss/-/postcss-8.2.4.tgz",
      "integrity": "sha512-kRFftRoExRVXZlwUuay9iC824qmXPcQQVzAjbCCgjpXnkdMCJYBu2gTwAaFBzv8ewND6O8xFb3aELmEkh9zTzg==",
      "dev": true,
      "requires": {
        "colorette": "^1.2.1",
        "nanoid": "^3.1.20",
        "source-map": "^0.6.1"
      }
    },
    "readdirp": {
      "version": "3.5.0",
      "resolved": "https://registry.npmjs.org/readdirp/-/readdirp-3.5.0.tgz",
      "integrity": "sha512-cMhu7c/8rdhkHXWsY+osBhfSy0JikwpHK/5+imo+LpeasTF8ouErHrlYkwT0++njiyuDvc7OFY5T3ukvZ8qmFQ==",
      "dev": true,
      "requires": {
        "picomatch": "^2.2.1"
      }
    },
    "regenerator-runtime": {
      "version": "0.13.7",
      "resolved": "https://registry.npmjs.org/regenerator-runtime/-/regenerator-runtime-0.13.7.tgz",
      "integrity": "sha512-a54FxoJDIr27pgf7IgeQGxmqUNYrcV338lf/6gH456HZ/PhX+5BcwHXG9ajESmwe6WRO0tAzRUrRmNONWgkrew=="
    },
    "sass": {
      "version": "1.32.4",
      "resolved": "https://registry.npmjs.org/sass/-/sass-1.32.4.tgz",
      "integrity": "sha512-N0BT0PI/t3+gD8jKa83zJJUb7ssfQnRRfqN+GIErokW6U4guBpfYl8qYB+OFLEho+QvnV5ZH1R9qhUC/Z2Ch9w==",
      "dev": true,
      "requires": {
        "chokidar": ">=2.0.0 <4.0.0"
      }
    },
    "source-map": {
      "version": "0.6.1",
      "resolved": "https://registry.npmjs.org/source-map/-/source-map-0.6.1.tgz",
      "integrity": "sha512-UjgapumWlbMhkBgzT7Ykc5YXUT46F0iKu8SGXq0bcwP5dz/h0Plj6enJqjz1Zbq2l5WaqYnrVbwWOWMyF3F47g==",
      "dev": true
    },
    "to-regex-range": {
      "version": "5.0.1",
      "resolved": "https://registry.npmjs.org/to-regex-range/-/to-regex-range-5.0.1.tgz",
      "integrity": "sha512-65P7iz6X5yEr1cwcgvQxbbIw7Uk3gOy5dIdtZ4rDveLqhrdJP+Li/Hx6tyK0NEb+2GCyneCMJiGqrADCSNk8sQ==",
      "dev": true,
      "requires": {
        "is-number": "^7.0.0"
      }
    },
    "typescript": {
      "version": "4.1.3",
      "resolved": "https://registry.npmjs.org/typescript/-/typescript-4.1.3.tgz",
      "integrity": "sha512-B3ZIOf1IKeH2ixgHhj6la6xdwR9QrLC5d1VKeCSY4tvkqhF2eqd9O7txNlS0PO3GrBAFIdr3L1ndNwteUbZLYg==",
      "dev": true
    }
  }
}
